
Microsoft Visual Studio Solution File, Format Version 12.00
# Visual Studio Version 17
VisualStudioVersion = 17.10.35027.167
MinimumVisualStudioVersion = 10.0.40219.1
Project("{9A19103F-16F7-4668-BE54-9A1E7A4F7556}") = "RaftLabs.APIClient", "APIClient\RaftLabs.APIClient.csproj", "{3833E077-18C5-43A5-B04D-C43F465C09A5}"
EndProject
Project("{9A19103F-16F7-4668-BE54-9A1E7A4F7556}") = "ConsoleApp", "ConsoleApp\ConsoleApp.csproj", "{6873D4AB-5DED-40C2-AAFD-4C5633FE7A8B}"
EndProject
Project("{9A19103F-16F7-4668-BE54-9A1E7A4F7556}") = "ReqResApiClient.Tests", "Tests\ReqResApiClient.Tests\ReqResApiClient.Tests.csproj", "{A9F538C5-4709-4BB6-AEF3-5F416A3C124D}"
EndProject
Global
	GlobalSection(SolutionConfigurationPlatforms) = preSolution
		Debug|Any CPU = Debug|Any CPU
		Release|Any CPU = Release|Any CPU
	EndGlobalSection
	GlobalSection(ProjectConfigurationPlatforms) = postSolution
		{3833E077-18C5-43A5-B04D-C43F465C09A5}.Debug|Any CPU.ActiveCfg = Debug|Any CPU
		{3833E077-18C5-43A5-B04D-C43F465C09A5}.Debug|Any CPU.Build.0 = Debug|Any CPU
		{3833E077-18C5-43A5-B04D-C43F465C09A5}.Release|Any CPU.ActiveCfg = Release|Any CPU
		{3833E077-18C5-43A5-B04D-C43F465C09A5}.Release|Any CPU.Build.0 = Release|Any CPU
		{6873D4AB-5DED-40C2-AAFD-4C5633FE7A8B}.Debug|Any CPU.ActiveCfg = Debug|Any CPU
		{6873D4AB-5DED-40C2-AAFD-4C5633FE7A8B}.Debug|Any CPU.Build.0 = Debug|Any CPU
		{6873D4AB-5DED-40C2-AAFD-4C5633FE7A8B}.Release|Any CPU.ActiveCfg = Release|Any CPU
		{6873D4AB-5DED-40C2-AAFD-4C5633FE7A8B}.Release|Any CPU.Build.0 = Release|Any CPU
		{A9F538C5-4709-4BB6-AEF3-5F416A3C124D}.Debug|Any CPU.ActiveCfg = Debug|Any CPU
		{A9F538C5-4709-4BB6-AEF3-5F416A3C124D}.Debug|Any CPU.Build.0 = Debug|Any CPU
		{A9F538C5-4709-4BB6-AEF3-5F416A3C124D}.Release|Any CPU.ActiveCfg = Release|Any CPU
		{A9F538C5-4709-4BB6-AEF3-5F416A3C124D}.Release|Any CPU.Build.0 = Release|Any CPU
	EndGlobalSection
	GlobalSection(SolutionProperties) = preSolution
		HideSolutionNode = FALSE
	EndGlobalSection
	GlobalSection(ExtensibilityGlobals) = postSolution
		SolutionGuid = {09217722-72ED-434F-8E66-2891B9F665F1}
	EndGlobalSection
EndGlobal
